
Microsoft Visual Studio Solution File, Format Version 12.00
# Visual Studio Version 16
VisualStudioVersion = 16.0.29424.173
MinimumVisualStudioVersion = 10.0.40219.1
Project("{FAE04EC0-301F-11D3-BF4B-00C04F79EFBC}") = "FileHandling1", "FileHandling1\FileHandling1.csproj", "{2FFF05D9-29D6-459D-AA84-C55FC5452665}"
EndProject
Global
	GlobalSection(SolutionConfigurationPlatforms) = preSolution
		Debug|Any CPU = Debug|Any CPU
		Release|Any CPU = Release|Any CPU
	EndGlobalSection
	GlobalSection(ProjectConfigurationPlatforms) = postSolution
		{2FFF05D9-29D6-459D-AA84-C55FC5452665}.Debug|Any CPU.ActiveCfg = Debug|Any CPU
		{2FFF05D9-29D6-459D-AA84-C55FC5452665}.Debug|Any CPU.Build.0 = Debug|Any CPU
		{2FFF05D9-29D6-459D-AA84-C55FC5452665}.Release|Any CPU.ActiveCfg = Release|Any CPU
		{2FFF05D9-29D6-459D-AA84-C55FC5452665}.Release|Any CPU.Build.0 = Release|Any CPU
	EndGlobalSection
	GlobalSection(SolutionProperties) = preSolution
		HideSolutionNode = FALSE
	EndGlobalSection
	GlobalSection(ExtensibilityGlobals) = postSolution
		SolutionGuid = {B325C7D0-722B-4B97-9092-5AFA31AC0979}
	EndGlobalSection
EndGlobal
