
Microsoft Visual Studio Solution File, Format Version 12.00
# Visual Studio Version 16
VisualStudioVersion = 16.0.29424.173
MinimumVisualStudioVersion = 10.0.40219.1
Project("{FAE04EC0-301F-11D3-BF4B-00C04F79EFBC}") = "FileHandling_Directory", "FileHandling_Directory\FileHandling_Directory.csproj", "{7F22C87A-6960-46C2-96A9-F273A67E6B2A}"
EndProject
Global
	GlobalSection(SolutionConfigurationPlatforms) = preSolution
		Debug|Any CPU = Debug|Any CPU
		Release|Any CPU = Release|Any CPU
	EndGlobalSection
	GlobalSection(ProjectConfigurationPlatforms) = postSolution
		{7F22C87A-6960-46C2-96A9-F273A67E6B2A}.Debug|Any CPU.ActiveCfg = Debug|Any CPU
		{7F22C87A-6960-46C2-96A9-F273A67E6B2A}.Debug|Any CPU.Build.0 = Debug|Any CPU
		{7F22C87A-6960-46C2-96A9-F273A67E6B2A}.Release|Any CPU.ActiveCfg = Release|Any CPU
		{7F22C87A-6960-46C2-96A9-F273A67E6B2A}.Release|Any CPU.Build.0 = Release|Any CPU
	EndGlobalSection
	GlobalSection(SolutionProperties) = preSolution
		HideSolutionNode = FALSE
	EndGlobalSection
	GlobalSection(ExtensibilityGlobals) = postSolution
		SolutionGuid = {DC500575-B910-401E-A52C-CA5F343271F3}
	EndGlobalSection
EndGlobal
