
Microsoft Visual Studio Solution File, Format Version 12.00
# Visual Studio Version 16
VisualStudioVersion = 16.0.29424.173
MinimumVisualStudioVersion = 10.0.40219.1
Project("{FAE04EC0-301F-11D3-BF4B-00C04F79EFBC}") = "IsolatedStorage", "IsolatedStorage\IsolatedStorage.csproj", "{512DB180-40CF-464C-8849-EA7599476B6A}"
EndProject
Global
	GlobalSection(SolutionConfigurationPlatforms) = preSolution
		Debug|Any CPU = Debug|Any CPU
		Release|Any CPU = Release|Any CPU
	EndGlobalSection
	GlobalSection(ProjectConfigurationPlatforms) = postSolution
		{512DB180-40CF-464C-8849-EA7599476B6A}.Debug|Any CPU.ActiveCfg = Debug|Any CPU
		{512DB180-40CF-464C-8849-EA7599476B6A}.Debug|Any CPU.Build.0 = Debug|Any CPU
		{512DB180-40CF-464C-8849-EA7599476B6A}.Release|Any CPU.ActiveCfg = Release|Any CPU
		{512DB180-40CF-464C-8849-EA7599476B6A}.Release|Any CPU.Build.0 = Release|Any CPU
	EndGlobalSection
	GlobalSection(SolutionProperties) = preSolution
		HideSolutionNode = FALSE
	EndGlobalSection
	GlobalSection(ExtensibilityGlobals) = postSolution
		SolutionGuid = {800A57E6-D392-4E8B-B78F-13AA246D0D56}
	EndGlobalSection
EndGlobal
