
Microsoft Visual Studio Solution File, Format Version 12.00
# Visual Studio Version 16
VisualStudioVersion = 16.0.29424.173
MinimumVisualStudioVersion = 10.0.40219.1
Project("{FAE04EC0-301F-11D3-BF4B-00C04F79EFBC}") = "SocketClient", "SocketListener\SocketClient.csproj", "{C0C6060B-6BA7-482E-9043-83B54EDF6608}"
EndProject
Project("{FAE04EC0-301F-11D3-BF4B-00C04F79EFBC}") = "Socket_Listener", "Socket_Listener\Socket_Listener.csproj", "{C6B0C28F-F80A-4265-90AE-3CC836370538}"
EndProject
Global
	GlobalSection(SolutionConfigurationPlatforms) = preSolution
		Debug|Any CPU = Debug|Any CPU
		Release|Any CPU = Release|Any CPU
	EndGlobalSection
	GlobalSection(ProjectConfigurationPlatforms) = postSolution
		{C0C6060B-6BA7-482E-9043-83B54EDF6608}.Debug|Any CPU.ActiveCfg = Debug|Any CPU
		{C0C6060B-6BA7-482E-9043-83B54EDF6608}.Debug|Any CPU.Build.0 = Debug|Any CPU
		{C0C6060B-6BA7-482E-9043-83B54EDF6608}.Release|Any CPU.ActiveCfg = Release|Any CPU
		{C0C6060B-6BA7-482E-9043-83B54EDF6608}.Release|Any CPU.Build.0 = Release|Any CPU
		{C6B0C28F-F80A-4265-90AE-3CC836370538}.Debug|Any CPU.ActiveCfg = Debug|Any CPU
		{C6B0C28F-F80A-4265-90AE-3CC836370538}.Debug|Any CPU.Build.0 = Debug|Any CPU
		{C6B0C28F-F80A-4265-90AE-3CC836370538}.Release|Any CPU.ActiveCfg = Release|Any CPU
		{C6B0C28F-F80A-4265-90AE-3CC836370538}.Release|Any CPU.Build.0 = Release|Any CPU
	EndGlobalSection
	GlobalSection(SolutionProperties) = preSolution
		HideSolutionNode = FALSE
	EndGlobalSection
	GlobalSection(ExtensibilityGlobals) = postSolution
		SolutionGuid = {C85AE66E-DAB4-46B2-99F8-FFC829619623}
	EndGlobalSection
EndGlobal
