
Microsoft Visual Studio Solution File, Format Version 12.00
# Visual Studio Version 16
VisualStudioVersion = 16.0.29424.173
MinimumVisualStudioVersion = 10.0.40219.1
Project("{FAE04EC0-301F-11D3-BF4B-00C04F79EFBC}") = "ServerSocketProgramm", "ServerSocketProgramm\ServerSocketProgramm.csproj", "{3FEE70D7-CE2D-4490-99B0-F96E0FBCA934}"
EndProject
Project("{FAE04EC0-301F-11D3-BF4B-00C04F79EFBC}") = "ClientSocketProgramm", "ClientSocketProgramm\ClientSocketProgramm.csproj", "{98BBA1A9-6306-4942-BD69-B5EA92814584}"
EndProject
Project("{FAE04EC0-301F-11D3-BF4B-00C04F79EFBC}") = "ClientSocketw", "ClientSocketw\ClientSocketw.csproj", "{0E4C6B0C-DC23-418E-9031-34D1DCF9ED9C}"
EndProject
Global
	GlobalSection(SolutionConfigurationPlatforms) = preSolution
		Debug|Any CPU = Debug|Any CPU
		Release|Any CPU = Release|Any CPU
	EndGlobalSection
	GlobalSection(ProjectConfigurationPlatforms) = postSolution
		{3FEE70D7-CE2D-4490-99B0-F96E0FBCA934}.Debug|Any CPU.ActiveCfg = Debug|Any CPU
		{3FEE70D7-CE2D-4490-99B0-F96E0FBCA934}.Debug|Any CPU.Build.0 = Debug|Any CPU
		{3FEE70D7-CE2D-4490-99B0-F96E0FBCA934}.Release|Any CPU.ActiveCfg = Release|Any CPU
		{3FEE70D7-CE2D-4490-99B0-F96E0FBCA934}.Release|Any CPU.Build.0 = Release|Any CPU
		{98BBA1A9-6306-4942-BD69-B5EA92814584}.Debug|Any CPU.ActiveCfg = Debug|Any CPU
		{98BBA1A9-6306-4942-BD69-B5EA92814584}.Debug|Any CPU.Build.0 = Debug|Any CPU
		{98BBA1A9-6306-4942-BD69-B5EA92814584}.Release|Any CPU.ActiveCfg = Release|Any CPU
		{98BBA1A9-6306-4942-BD69-B5EA92814584}.Release|Any CPU.Build.0 = Release|Any CPU
		{0E4C6B0C-DC23-418E-9031-34D1DCF9ED9C}.Debug|Any CPU.ActiveCfg = Debug|Any CPU
		{0E4C6B0C-DC23-418E-9031-34D1DCF9ED9C}.Debug|Any CPU.Build.0 = Debug|Any CPU
		{0E4C6B0C-DC23-418E-9031-34D1DCF9ED9C}.Release|Any CPU.ActiveCfg = Release|Any CPU
		{0E4C6B0C-DC23-418E-9031-34D1DCF9ED9C}.Release|Any CPU.Build.0 = Release|Any CPU
	EndGlobalSection
	GlobalSection(SolutionProperties) = preSolution
		HideSolutionNode = FALSE
	EndGlobalSection
	GlobalSection(ExtensibilityGlobals) = postSolution
		SolutionGuid = {DB637D29-918E-48AD-BE72-6B5A3A392AE9}
	EndGlobalSection
EndGlobal
