
Microsoft Visual Studio Solution File, Format Version 12.00
# Visual Studio Version 16
VisualStudioVersion = 16.0.29411.108
MinimumVisualStudioVersion = 10.0.40219.1
Project("{FAE04EC0-301F-11D3-BF4B-00C04F79EFBC}") = "Socket_Programming", "Socket_Programming\Socket_Programming.csproj", "{9D3AAEB6-1916-48E5-A708-A65017CF1BB2}"
EndProject
Project("{FAE04EC0-301F-11D3-BF4B-00C04F79EFBC}") = "Synchronous_Server_Socket", "Synchronous_Server_Socket\Synchronous_Server_Socket.csproj", "{201D6C90-98CA-45ED-BB1F-80DA8433C77B}"
EndProject
Project("{FAE04EC0-301F-11D3-BF4B-00C04F79EFBC}") = "Asynchronous_Client_Socket", "Asynchronous_Client_Socket\Asynchronous_Client_Socket.csproj", "{8C94CDC2-3444-4493-867C-413DC72FB894}"
EndProject
Project("{FAE04EC0-301F-11D3-BF4B-00C04F79EFBC}") = "Asynchronous_Server_Socket", "Asynchronous_Server_Socket\Asynchronous_Server_Socket.csproj", "{5E725133-7A46-40E2-A32E-7187662A6EE9}"
EndProject
Global
	GlobalSection(SolutionConfigurationPlatforms) = preSolution
		Debug|Any CPU = Debug|Any CPU
		Release|Any CPU = Release|Any CPU
	EndGlobalSection
	GlobalSection(ProjectConfigurationPlatforms) = postSolution
		{9D3AAEB6-1916-48E5-A708-A65017CF1BB2}.Debug|Any CPU.ActiveCfg = Debug|Any CPU
		{9D3AAEB6-1916-48E5-A708-A65017CF1BB2}.Debug|Any CPU.Build.0 = Debug|Any CPU
		{9D3AAEB6-1916-48E5-A708-A65017CF1BB2}.Release|Any CPU.ActiveCfg = Release|Any CPU
		{9D3AAEB6-1916-48E5-A708-A65017CF1BB2}.Release|Any CPU.Build.0 = Release|Any CPU
		{201D6C90-98CA-45ED-BB1F-80DA8433C77B}.Debug|Any CPU.ActiveCfg = Debug|Any CPU
		{201D6C90-98CA-45ED-BB1F-80DA8433C77B}.Debug|Any CPU.Build.0 = Debug|Any CPU
		{201D6C90-98CA-45ED-BB1F-80DA8433C77B}.Release|Any CPU.ActiveCfg = Release|Any CPU
		{201D6C90-98CA-45ED-BB1F-80DA8433C77B}.Release|Any CPU.Build.0 = Release|Any CPU
		{8C94CDC2-3444-4493-867C-413DC72FB894}.Debug|Any CPU.ActiveCfg = Debug|Any CPU
		{8C94CDC2-3444-4493-867C-413DC72FB894}.Debug|Any CPU.Build.0 = Debug|Any CPU
		{8C94CDC2-3444-4493-867C-413DC72FB894}.Release|Any CPU.ActiveCfg = Release|Any CPU
		{8C94CDC2-3444-4493-867C-413DC72FB894}.Release|Any CPU.Build.0 = Release|Any CPU
		{5E725133-7A46-40E2-A32E-7187662A6EE9}.Debug|Any CPU.ActiveCfg = Debug|Any CPU
		{5E725133-7A46-40E2-A32E-7187662A6EE9}.Debug|Any CPU.Build.0 = Debug|Any CPU
		{5E725133-7A46-40E2-A32E-7187662A6EE9}.Release|Any CPU.ActiveCfg = Release|Any CPU
		{5E725133-7A46-40E2-A32E-7187662A6EE9}.Release|Any CPU.Build.0 = Release|Any CPU
	EndGlobalSection
	GlobalSection(SolutionProperties) = preSolution
		HideSolutionNode = FALSE
	EndGlobalSection
	GlobalSection(ExtensibilityGlobals) = postSolution
		SolutionGuid = {DB87A9FF-10CF-4B4A-920A-F49FEBB2B29E}
	EndGlobalSection
EndGlobal
